
Microsoft Visual Studio Solution File, Format Version 12.00
# Visual Studio Version 17
VisualStudioVersion = 17.6.33712.159
MinimumVisualStudioVersion = 10.0.40219.1
Project("{9A19103F-16F7-4668-BE54-9A1E7A4F7556}") = "SignalRAssignment", "SignalRAssignment\SignalRAssignment.csproj", "{ED1FC7BD-06EC-483A-9460-08B731131785}"
EndProject
Global
	GlobalSection(SolutionConfigurationPlatforms) = preSolution
		Debug|Any CPU = Debug|Any CPU
		Release|Any CPU = Release|Any CPU
	EndGlobalSection
	GlobalSection(ProjectConfigurationPlatforms) = postSolution
		{ED1FC7BD-06EC-483A-9460-08B731131785}.Debug|Any CPU.ActiveCfg = Debug|Any CPU
		{ED1FC7BD-06EC-483A-9460-08B731131785}.Debug|Any CPU.Build.0 = Debug|Any CPU
		{ED1FC7BD-06EC-483A-9460-08B731131785}.Release|Any CPU.ActiveCfg = Release|Any CPU
		{ED1FC7BD-06EC-483A-9460-08B731131785}.Release|Any CPU.Build.0 = Release|Any CPU
	EndGlobalSection
	GlobalSection(SolutionProperties) = preSolution
		HideSolutionNode = FALSE
	EndGlobalSection
	GlobalSection(ExtensibilityGlobals) = postSolution
		SolutionGuid = {85464316-0E10-471F-A37B-2AF683E4C119}
	EndGlobalSection
EndGlobal
