
Microsoft Visual Studio Solution File, Format Version 12.00
# Visual Studio Version 17
VisualStudioVersion = 17.3.32825.248
MinimumVisualStudioVersion = 10.0.40219.1
Project("{9A19103F-16F7-4668-BE54-9A1E7A4F7556}") = "OOP", "OOP\OOP.csproj", "{3E0D5443-5677-4360-89ED-DEE82CC77A00}"
EndProject
Project("{9A19103F-16F7-4668-BE54-9A1E7A4F7556}") = "EventDemo", "EventDemo\EventDemo.csproj", "{1E7F5811-3D9A-4978-9D83-4F4FFF368C96}"
EndProject
Project("{9A19103F-16F7-4668-BE54-9A1E7A4F7556}") = "Demo", "Demo\Demo.csproj", "{03F9BD0D-9371-40A8-92BC-A1D399D570B1}"
EndProject
Project("{9A19103F-16F7-4668-BE54-9A1E7A4F7556}") = "DelegateLamba", "DelegateLamba\DelegateLamba.csproj", "{4DAE015E-7588-4ECC-9A63-419B29B1DC9E}"
EndProject
Project("{9A19103F-16F7-4668-BE54-9A1E7A4F7556}") = "DemoForm", "DemoForm\DemoForm.csproj", "{E8924A54-810E-4CF5-9E6E-2B5224C0F668}"
EndProject
Project("{FAE04EC0-301F-11D3-BF4B-00C04F79EFBC}") = "winADO", "winADO\winADO.csproj", "{37ADA91A-9BB8-400C-91D4-72895CE169AB}"
EndProject
Global
	GlobalSection(SolutionConfigurationPlatforms) = preSolution
		Debug|Any CPU = Debug|Any CPU
		Release|Any CPU = Release|Any CPU
	EndGlobalSection
	GlobalSection(ProjectConfigurationPlatforms) = postSolution
		{3E0D5443-5677-4360-89ED-DEE82CC77A00}.Debug|Any CPU.ActiveCfg = Debug|Any CPU
		{3E0D5443-5677-4360-89ED-DEE82CC77A00}.Debug|Any CPU.Build.0 = Debug|Any CPU
		{3E0D5443-5677-4360-89ED-DEE82CC77A00}.Release|Any CPU.ActiveCfg = Release|Any CPU
		{3E0D5443-5677-4360-89ED-DEE82CC77A00}.Release|Any CPU.Build.0 = Release|Any CPU
		{1E7F5811-3D9A-4978-9D83-4F4FFF368C96}.Debug|Any CPU.ActiveCfg = Debug|Any CPU
		{1E7F5811-3D9A-4978-9D83-4F4FFF368C96}.Debug|Any CPU.Build.0 = Debug|Any CPU
		{1E7F5811-3D9A-4978-9D83-4F4FFF368C96}.Release|Any CPU.ActiveCfg = Release|Any CPU
		{1E7F5811-3D9A-4978-9D83-4F4FFF368C96}.Release|Any CPU.Build.0 = Release|Any CPU
		{03F9BD0D-9371-40A8-92BC-A1D399D570B1}.Debug|Any CPU.ActiveCfg = Debug|Any CPU
		{03F9BD0D-9371-40A8-92BC-A1D399D570B1}.Debug|Any CPU.Build.0 = Debug|Any CPU
		{03F9BD0D-9371-40A8-92BC-A1D399D570B1}.Release|Any CPU.ActiveCfg = Release|Any CPU
		{03F9BD0D-9371-40A8-92BC-A1D399D570B1}.Release|Any CPU.Build.0 = Release|Any CPU
		{4DAE015E-7588-4ECC-9A63-419B29B1DC9E}.Debug|Any CPU.ActiveCfg = Debug|Any CPU
		{4DAE015E-7588-4ECC-9A63-419B29B1DC9E}.Debug|Any CPU.Build.0 = Debug|Any CPU
		{4DAE015E-7588-4ECC-9A63-419B29B1DC9E}.Release|Any CPU.ActiveCfg = Release|Any CPU
		{4DAE015E-7588-4ECC-9A63-419B29B1DC9E}.Release|Any CPU.Build.0 = Release|Any CPU
		{E8924A54-810E-4CF5-9E6E-2B5224C0F668}.Debug|Any CPU.ActiveCfg = Debug|Any CPU
		{E8924A54-810E-4CF5-9E6E-2B5224C0F668}.Debug|Any CPU.Build.0 = Debug|Any CPU
		{E8924A54-810E-4CF5-9E6E-2B5224C0F668}.Release|Any CPU.ActiveCfg = Release|Any CPU
		{E8924A54-810E-4CF5-9E6E-2B5224C0F668}.Release|Any CPU.Build.0 = Release|Any CPU
		{37ADA91A-9BB8-400C-91D4-72895CE169AB}.Debug|Any CPU.ActiveCfg = Debug|Any CPU
		{37ADA91A-9BB8-400C-91D4-72895CE169AB}.Debug|Any CPU.Build.0 = Debug|Any CPU
		{37ADA91A-9BB8-400C-91D4-72895CE169AB}.Release|Any CPU.ActiveCfg = Release|Any CPU
		{37ADA91A-9BB8-400C-91D4-72895CE169AB}.Release|Any CPU.Build.0 = Release|Any CPU
	EndGlobalSection
	GlobalSection(SolutionProperties) = preSolution
		HideSolutionNode = FALSE
	EndGlobalSection
	GlobalSection(ExtensibilityGlobals) = postSolution
		SolutionGuid = {69E14A41-01CA-4B45-A12F-39113EF2C3FA}
	EndGlobalSection
EndGlobal
