
Microsoft Visual Studio Solution File, Format Version 12.00
# Visual Studio Version 17
VisualStudioVersion = 17.3.32825.248
MinimumVisualStudioVersion = 10.0.40219.1
Project("{FAE04EC0-301F-11D3-BF4B-00C04F79EFBC}") = "FinalProject", "FinalProject.csproj", "{EA63D64A-FB9B-431F-A8AF-F5AE71AB028A}"
EndProject
Global
	GlobalSection(SolutionConfigurationPlatforms) = preSolution
		Debug|Any CPU = Debug|Any CPU
		Release|Any CPU = Release|Any CPU
	EndGlobalSection
	GlobalSection(ProjectConfigurationPlatforms) = postSolution
		{EA63D64A-FB9B-431F-A8AF-F5AE71AB028A}.Debug|Any CPU.ActiveCfg = Debug|Any CPU
		{EA63D64A-FB9B-431F-A8AF-F5AE71AB028A}.Debug|Any CPU.Build.0 = Debug|Any CPU
		{EA63D64A-FB9B-431F-A8AF-F5AE71AB028A}.Release|Any CPU.ActiveCfg = Release|Any CPU
		{EA63D64A-FB9B-431F-A8AF-F5AE71AB028A}.Release|Any CPU.Build.0 = Release|Any CPU
	EndGlobalSection
	GlobalSection(SolutionProperties) = preSolution
		HideSolutionNode = FALSE
	EndGlobalSection
	GlobalSection(ExtensibilityGlobals) = postSolution
		SolutionGuid = {68CE4D22-98BC-46A8-8CC0-DC353CB06A6D}
	EndGlobalSection
EndGlobal
